
Microsoft Visual Studio Solution File, Format Version 12.00
# Visual Studio 2012
Project("{FAE04EC0-301F-11D3-BF4B-00C04F79EFBC}") = "Socioboard", "Socioboard\Socioboard.csproj", "{09C0D321-7AFA-4EB3-8423-3FAE7D4DA720}"
EndProject
Global
	GlobalSection(SolutionConfigurationPlatforms) = preSolution
		Debug|Any CPU = Debug|Any CPU
		Release|Any CPU = Release|Any CPU
	EndGlobalSection
	GlobalSection(ProjectConfigurationPlatforms) = postSolution
		{09C0D321-7AFA-4EB3-8423-3FAE7D4DA720}.Debug|Any CPU.ActiveCfg = Debug|Any CPU
		{09C0D321-7AFA-4EB3-8423-3FAE7D4DA720}.Debug|Any CPU.Build.0 = Debug|Any CPU
		{09C0D321-7AFA-4EB3-8423-3FAE7D4DA720}.Release|Any CPU.ActiveCfg = Release|Any CPU
		{09C0D321-7AFA-4EB3-8423-3FAE7D4DA720}.Release|Any CPU.Build.0 = Release|Any CPU
	EndGlobalSection
	GlobalSection(SolutionProperties) = preSolution
		HideSolutionNode = FALSE
	EndGlobalSection
EndGlobal
